
Microsoft Visual Studio Solution File, Format Version 12.00
# Visual Studio Version 16
VisualStudioVersion = 16.0.30406.217
MinimumVisualStudioVersion = 10.0.40219.1
Project("{9A19103F-16F7-4668-BE54-9A1E7A4F7556}") = "Convert2Dsk", "Convert2Dsk\Convert2Dsk.csproj", "{2C4A2B16-0861-435B-BF31-94BB82A2F533}"
EndProject
Project("{FAE04EC0-301F-11D3-BF4B-00C04F79EFBC}") = "Convert2Dsk.Test", "Convert2Dsk.Test\Convert2Dsk.Test.csproj", "{9E563C1D-7718-4296-953F-C41879A73825}"
EndProject
Global
	GlobalSection(SolutionConfigurationPlatforms) = preSolution
		Debug|Any CPU = Debug|Any CPU
		Release|Any CPU = Release|Any CPU
	EndGlobalSection
	GlobalSection(ProjectConfigurationPlatforms) = postSolution
		{2C4A2B16-0861-435B-BF31-94BB82A2F533}.Debug|Any CPU.ActiveCfg = Debug|Any CPU
		{2C4A2B16-0861-435B-BF31-94BB82A2F533}.Debug|Any CPU.Build.0 = Debug|Any CPU
		{2C4A2B16-0861-435B-BF31-94BB82A2F533}.Release|Any CPU.ActiveCfg = Release|Any CPU
		{2C4A2B16-0861-435B-BF31-94BB82A2F533}.Release|Any CPU.Build.0 = Release|Any CPU
		{9E563C1D-7718-4296-953F-C41879A73825}.Debug|Any CPU.ActiveCfg = Debug|Any CPU
		{9E563C1D-7718-4296-953F-C41879A73825}.Debug|Any CPU.Build.0 = Debug|Any CPU
		{9E563C1D-7718-4296-953F-C41879A73825}.Release|Any CPU.ActiveCfg = Release|Any CPU
		{9E563C1D-7718-4296-953F-C41879A73825}.Release|Any CPU.Build.0 = Release|Any CPU
	EndGlobalSection
	GlobalSection(SolutionProperties) = preSolution
		HideSolutionNode = FALSE
	EndGlobalSection
	GlobalSection(ExtensibilityGlobals) = postSolution
		SolutionGuid = {889151C9-9A3F-4CC6-8908-4E1E99ECA2BD}
	EndGlobalSection
EndGlobal
